<?xml version="1.0" encoding="UTF-8" standalone="yes" ?>
<CodeBlocks_project_file>
	<FileVersion major="1" minor="6" />
	<Project>
		<Option title="RestoApp" />
		<Option pch_mode="2" />
		<Option compiler="gcc" />
		<Build>
			<Target title="Debug">
				<Option output="bin/Debug/RestoApp" prefix_auto="1" extension_auto="1" />
				<Option object_output="obj/Debug/" />
				<Option type="1" />
				<Option compiler="gcc" />
				<Compiler>
					<Add option="-g" />
					<Add directory="include" />
				</Compiler>
			</Target>
			<Target title="Release">
				<Option output="bin/Release/RestoApp" prefix_auto="1" extension_auto="1" />
				<Option object_output="obj/Release/" />
				<Option type="1" />
				<Option compiler="gcc" />
				<Compiler>
					<Add option="-O2" />
					<Add directory="include" />
				</Compiler>
				<Linker>
					<Add option="-s" />
				</Linker>
			</Target>
		</Build>
		<Compiler>
			<Add option="-Wall" />
			<Add option="-fexceptions" />
		</Compiler>
		<Unit filename="include/Carta.h" />
		<Unit filename="include/Cliente.h" />
		<Unit filename="include/Delivery.h" />
		<Unit filename="include/DetalleVenta.h" />
		<Unit filename="include/Fecha.h" />
		<Unit filename="include/FuncionesCarta.h" />
		<Unit filename="include/FuncionesClientes.h" />
		<Unit filename="include/FuncionesMesas.h" />
		<Unit filename="include/FuncionesReserva.h" />
		<Unit filename="include/MenuDeClientes.h" />
		<Unit filename="include/MenuDeMesas.h" />
		<Unit filename="include/MenuDeReservas.h" />
		<Unit filename="include/MenuPrincipal.h" />
		<Unit filename="include/Mercaderias.h" />
		<Unit filename="include/Mesas.h" />
		<Unit filename="include/Persona.h" />
		<Unit filename="include/Reserva.h" />
		<Unit filename="include/Ventas.h" />
		<Unit filename="main.cpp" />
		<Unit filename="src/Carta.cpp" />
		<Unit filename="src/Cliente.cpp" />
		<Unit filename="src/Delivery.cpp" />
		<Unit filename="src/DetalleVenta.cpp" />
		<Unit filename="src/Fecha.cpp" />
		<Unit filename="src/FuncionesClientes.cpp" />
		<Unit filename="src/FuncionesMesas.cpp" />
		<Unit filename="src/FuncionesReserva.cpp" />
		<Unit filename="src/MenuDeClientes.cpp" />
		<Unit filename="src/MenuDeMesas.cpp" />
		<Unit filename="src/MenuDeReservas.cpp" />
		<Unit filename="src/MenuPrincipal.cpp" />
		<Unit filename="src/Mercaderias.cpp" />
		<Unit filename="src/Mesas.cpp" />
		<Unit filename="src/Persona.cpp" />
		<Unit filename="src/Reserva.cpp" />
		<Unit filename="src/Ventas.cpp" />
		<Extensions>
			<lib_finder disable_auto="1" />
		</Extensions>
	</Project>
</CodeBlocks_project_file>
